
Microsoft Visual Studio Solution File, Format Version 12.00
# Visual Studio Version 17
VisualStudioVersion = 17.8.34511.84
MinimumVisualStudioVersion = 10.0.40219.1
Project("{FAE04EC0-301F-11D3-BF4B-00C04F79EFBC}") = "ExpenseTrackerv1", "ExpenseTrackerv1.csproj", "{40AB62B6-D925-458D-A150-06628C87D4A4}"
EndProject
Global
	GlobalSection(SolutionConfigurationPlatforms) = preSolution
		Debug|Any CPU = Debug|Any CPU
		Release|Any CPU = Release|Any CPU
	EndGlobalSection
	GlobalSection(ProjectConfigurationPlatforms) = postSolution
		{40AB62B6-D925-458D-A150-06628C87D4A4}.Debug|Any CPU.ActiveCfg = Debug|Any CPU
		{40AB62B6-D925-458D-A150-06628C87D4A4}.Debug|Any CPU.Build.0 = Debug|Any CPU
		{40AB62B6-D925-458D-A150-06628C87D4A4}.Release|Any CPU.ActiveCfg = Release|Any CPU
		{40AB62B6-D925-458D-A150-06628C87D4A4}.Release|Any CPU.Build.0 = Release|Any CPU
	EndGlobalSection
	GlobalSection(SolutionProperties) = preSolution
		HideSolutionNode = FALSE
	EndGlobalSection
	GlobalSection(ExtensibilityGlobals) = postSolution
		SolutionGuid = {42F6FB9D-9006-4077-951E-F3DAF46E20BF}
	EndGlobalSection
EndGlobal
